
Microsoft Visual Studio Solution File, Format Version 12.00
# Visual Studio 2012
Project("{2150E333-8FDC-42A3-9474-1A3956D46DE8}") = "Shared", "Shared", "{FEE8265F-06DA-4DB2-AB0C-B6B899292A88}"
EndProject
Project("{2150E333-8FDC-42A3-9474-1A3956D46DE8}") = "Web", "Web", "{2118547A-1760-48CA-9580-C7C4634C85E1}"
EndProject
Project("{FAE04EC0-301F-11D3-BF4B-00C04F79EFBC}") = "NIssues.Web", "Web\NIssues.Web\NIssues.Web.csproj", "{929E41F9-38C4-4BAA-B3DD-17CDB0812542}"
EndProject
Project("{FAE04EC0-301F-11D3-BF4B-00C04F79EFBC}") = "NIssues.Web.Tests", "Web\NIssues.Web.Tests\NIssues.Web.Tests.csproj", "{183A43F9-2183-4EB5-9000-CE74C6285D0E}"
EndProject
Project("{2150E333-8FDC-42A3-9474-1A3956D46DE8}") = ".nuget", ".nuget", "{C99DCE71-06F7-401E-9E8B-962D4F5055E0}"
	ProjectSection(SolutionItems) = preProject
		.nuget\NuGet.Config = .nuget\NuGet.Config
		.nuget\NuGet.targets = .nuget\NuGet.targets
		.nuget\nuget.exe = .nuget\nuget.exe
	EndProjectSection
EndProject
Project("{FAE04EC0-301F-11D3-BF4B-00C04F79EFBC}") = "NIssues.Common", "Shared\NIssues.Common\NIssues.Common.csproj", "{EDE478E4-A5FD-4CBB-8F7B-D59BFB0D387A}"
EndProject
Project("{2150E333-8FDC-42A3-9474-1A3956D46DE8}") = "Design", "Design", "{74681DEC-1741-4840-A77E-0B8E1F56AB55}"
	ProjectSection(SolutionItems) = preProject
		Design\NIssuesModel.txt = Design\NIssuesModel.txt
	EndProjectSection
EndProject
Project("{00D1A9C2-B5F0-4AF3-8072-F6C62B433612}") = "NIssues.DB", "Shared\NIssues.DB\NIssues.DB.sqlproj", "{E49B5857-CF55-4E8B-BB75-0B76EAC8EEDD}"
EndProject
Project("{FAE04EC0-301F-11D3-BF4B-00C04F79EFBC}") = "NIssues.Storage.SQL", "Shared\NIssues.Storage.SQL\NIssues.Storage.SQL.csproj", "{4790B077-14D7-4AD6-A36B-21B3C0EFDC98}"
EndProject
Global
	GlobalSection(SolutionConfigurationPlatforms) = preSolution
		Debug|Any CPU = Debug|Any CPU
		Release|Any CPU = Release|Any CPU
	EndGlobalSection
	GlobalSection(ProjectConfigurationPlatforms) = postSolution
		{183A43F9-2183-4EB5-9000-CE74C6285D0E}.Debug|Any CPU.ActiveCfg = Debug|Any CPU
		{183A43F9-2183-4EB5-9000-CE74C6285D0E}.Debug|Any CPU.Build.0 = Debug|Any CPU
		{183A43F9-2183-4EB5-9000-CE74C6285D0E}.Release|Any CPU.ActiveCfg = Release|Any CPU
		{183A43F9-2183-4EB5-9000-CE74C6285D0E}.Release|Any CPU.Build.0 = Release|Any CPU
		{4790B077-14D7-4AD6-A36B-21B3C0EFDC98}.Debug|Any CPU.ActiveCfg = Debug|Any CPU
		{4790B077-14D7-4AD6-A36B-21B3C0EFDC98}.Debug|Any CPU.Build.0 = Debug|Any CPU
		{4790B077-14D7-4AD6-A36B-21B3C0EFDC98}.Release|Any CPU.ActiveCfg = Release|Any CPU
		{4790B077-14D7-4AD6-A36B-21B3C0EFDC98}.Release|Any CPU.Build.0 = Release|Any CPU
		{929E41F9-38C4-4BAA-B3DD-17CDB0812542}.Debug|Any CPU.ActiveCfg = Debug|Any CPU
		{929E41F9-38C4-4BAA-B3DD-17CDB0812542}.Debug|Any CPU.Build.0 = Debug|Any CPU
		{929E41F9-38C4-4BAA-B3DD-17CDB0812542}.Release|Any CPU.ActiveCfg = Release|Any CPU
		{929E41F9-38C4-4BAA-B3DD-17CDB0812542}.Release|Any CPU.Build.0 = Release|Any CPU
		{E49B5857-CF55-4E8B-BB75-0B76EAC8EEDD}.Debug|Any CPU.ActiveCfg = Debug|Any CPU
		{E49B5857-CF55-4E8B-BB75-0B76EAC8EEDD}.Debug|Any CPU.Build.0 = Debug|Any CPU
		{E49B5857-CF55-4E8B-BB75-0B76EAC8EEDD}.Debug|Any CPU.Deploy.0 = Debug|Any CPU
		{E49B5857-CF55-4E8B-BB75-0B76EAC8EEDD}.Release|Any CPU.ActiveCfg = Release|Any CPU
		{E49B5857-CF55-4E8B-BB75-0B76EAC8EEDD}.Release|Any CPU.Build.0 = Release|Any CPU
		{E49B5857-CF55-4E8B-BB75-0B76EAC8EEDD}.Release|Any CPU.Deploy.0 = Release|Any CPU
		{EDE478E4-A5FD-4CBB-8F7B-D59BFB0D387A}.Debug|Any CPU.ActiveCfg = Debug|Any CPU
		{EDE478E4-A5FD-4CBB-8F7B-D59BFB0D387A}.Debug|Any CPU.Build.0 = Debug|Any CPU
		{EDE478E4-A5FD-4CBB-8F7B-D59BFB0D387A}.Release|Any CPU.ActiveCfg = Release|Any CPU
		{EDE478E4-A5FD-4CBB-8F7B-D59BFB0D387A}.Release|Any CPU.Build.0 = Release|Any CPU
	EndGlobalSection
	GlobalSection(SolutionProperties) = preSolution
		HideSolutionNode = FALSE
	EndGlobalSection
	GlobalSection(NestedProjects) = preSolution
		{183A43F9-2183-4EB5-9000-CE74C6285D0E} = {2118547A-1760-48CA-9580-C7C4634C85E1}
		{4790B077-14D7-4AD6-A36B-21B3C0EFDC98} = {FEE8265F-06DA-4DB2-AB0C-B6B899292A88}
		{929E41F9-38C4-4BAA-B3DD-17CDB0812542} = {2118547A-1760-48CA-9580-C7C4634C85E1}
		{E49B5857-CF55-4E8B-BB75-0B76EAC8EEDD} = {FEE8265F-06DA-4DB2-AB0C-B6B899292A88}
		{EDE478E4-A5FD-4CBB-8F7B-D59BFB0D387A} = {FEE8265F-06DA-4DB2-AB0C-B6B899292A88}
	EndGlobalSection
EndGlobal
